<?xml version="1.0"?>
<CONFIG>
  <ProjectOptions>
    <Version Value="9"/>
    <PathDelim Value="\"/>
    <General>
      <MainUnit Value="0"/>
      <ResourceType Value="res"/>
      <UseXPManifest Value="True"/>
      <Icon Value="0"/>
      <ActiveWindowIndexAtStart Value="0"/>
    </General>
    <i18n>
      <EnableI18N LFM="False"/>
    </i18n>
    <VersionInfo>
      <StringTable ProductVersion=""/>
    </VersionInfo>
    <BuildModes Count="1" Active="Default">
      <Item1 Name="Default" Default="True"/>
    </BuildModes>
    <PublishOptions>
      <Version Value="2"/>
      <IncludeFileFilter Value="*.(pas|pp|inc|lfm|lpr|lrs|lpi|lpk|sh|xml)"/>
      <ExcludeFileFilter Value="*.(bak|ppu|o|so);*~;backup"/>
    </PublishOptions>
    <RunParams>
      <local>
        <FormatVersion Value="1"/>
      </local>
    </RunParams>
    <RequiredPackages Count="1">
      <Item1>
        <PackageName Value="LCL"/>
      </Item1>
    </RequiredPackages>
    <Units Count="2">
      <Unit0>
        <Filename Value="pGrafischeDarstellung.lpr"/>
        <IsPartOfProject Value="True"/>
        <UnitName Value="pGrafischeDarstellung"/>
        <UsageCount Value="21"/>
      </Unit0>
      <Unit1>
        <Filename Value="mGrafischeDarstellung.pas"/>
        <IsPartOfProject Value="True"/>
        <ComponentName Value="Form1"/>
        <HasResources Value="True"/>
        <ResourceBaseClass Value="Form"/>
        <UnitName Value="mGrafischeDarstellung"/>
        <IsVisibleTab Value="True"/>
        <EditorIndex Value="0"/>
        <WindowIndex Value="0"/>
        <TopLine Value="37"/>
        <CursorPos X="29" Y="61"/>
        <UsageCount Value="21"/>
        <Loaded Value="True"/>
        <LoadedDesigner Value="True"/>
      </Unit1>
    </Units>
    <JumpHistory Count="24" HistoryIndex="23">
      <Position1>
        <Filename Value="mGrafischeDarstellung.pas"/>
        <Caret Line="19" Column="17" TopLine="1"/>
      </Position1>
      <Position2>
        <Filename Value="mGrafischeDarstellung.pas"/>
        <Caret Line="23" Column="17" TopLine="1"/>
      </Position2>
      <Position3>
        <Filename Value="mGrafischeDarstellung.pas"/>
        <Caret Line="24" Column="17" TopLine="1"/>
      </Position3>
      <Position4>
        <Filename Value="mGrafischeDarstellung.pas"/>
        <Caret Line="23" Column="17" TopLine="1"/>
      </Position4>
      <Position5>
        <Filename Value="mGrafischeDarstellung.pas"/>
        <Caret Line="25" Column="17" TopLine="1"/>
      </Position5>
      <Position6>
        <Filename Value="mGrafischeDarstellung.pas"/>
        <Caret Line="24" Column="17" TopLine="1"/>
      </Position6>
      <Position7>
        <Filename Value="mGrafischeDarstellung.pas"/>
        <Caret Line="23" Column="17" TopLine="1"/>
      </Position7>
      <Position8>
        <Filename Value="mGrafischeDarstellung.pas"/>
        <Caret Line="24" Column="17" TopLine="1"/>
      </Position8>
      <Position9>
        <Filename Value="mGrafischeDarstellung.pas"/>
        <Caret Line="25" Column="17" TopLine="1"/>
      </Position9>
      <Position10>
        <Filename Value="mGrafischeDarstellung.pas"/>
        <Caret Line="26" Column="17" TopLine="1"/>
      </Position10>
      <Position11>
        <Filename Value="mGrafischeDarstellung.pas"/>
        <Caret Line="27" Column="17" TopLine="1"/>
      </Position11>
      <Position12>
        <Filename Value="mGrafischeDarstellung.pas"/>
        <Caret Line="26" Column="17" TopLine="1"/>
      </Position12>
      <Position13>
        <Filename Value="mGrafischeDarstellung.pas"/>
        <Caret Line="25" Column="17" TopLine="1"/>
      </Position13>
      <Position14>
        <Filename Value="mGrafischeDarstellung.pas"/>
        <Caret Line="24" Column="17" TopLine="1"/>
      </Position14>
      <Position15>
        <Filename Value="mGrafischeDarstellung.pas"/>
        <Caret Line="25" Column="17" TopLine="1"/>
      </Position15>
      <Position16>
        <Filename Value="mGrafischeDarstellung.pas"/>
        <Caret Line="26" Column="17" TopLine="1"/>
      </Position16>
      <Position17>
        <Filename Value="mGrafischeDarstellung.pas"/>
        <Caret Line="25" Column="17" TopLine="1"/>
      </Position17>
      <Position18>
        <Filename Value="mGrafischeDarstellung.pas"/>
        <Caret Line="31" Column="13" TopLine="1"/>
      </Position18>
      <Position19>
        <Filename Value="mGrafischeDarstellung.pas"/>
        <Caret Line="38" Column="3" TopLine="5"/>
      </Position19>
      <Position20>
        <Filename Value="mGrafischeDarstellung.pas"/>
        <Caret Line="43" Column="1" TopLine="11"/>
      </Position20>
      <Position21>
        <Filename Value="mGrafischeDarstellung.pas"/>
        <Caret Line="38" Column="4" TopLine="12"/>
      </Position21>
      <Position22>
        <Filename Value="mGrafischeDarstellung.pas"/>
        <Caret Line="43" Column="37" TopLine="12"/>
      </Position22>
      <Position23>
        <Filename Value="mGrafischeDarstellung.pas"/>
        <Caret Line="57" Column="33" TopLine="23"/>
      </Position23>
      <Position24>
        <Filename Value="mGrafischeDarstellung.pas"/>
        <Caret Line="60" Column="1" TopLine="34"/>
      </Position24>
    </JumpHistory>
  </ProjectOptions>
  <CompilerOptions>
    <Version Value="11"/>
    <PathDelim Value="\"/>
    <Target>
      <Filename Value="pGrafischeDarstellung"/>
    </Target>
    <SearchPaths>
      <IncludeFiles Value="$(ProjOutDir)"/>
      <UnitOutputDirectory Value="lib\$(TargetCPU)-$(TargetOS)"/>
    </SearchPaths>
    <Linking>
      <Debugging>
        <GenerateDebugInfo Value="False"/>
        <UseLineInfoUnit Value="False"/>
      </Debugging>
      <Options>
        <Win32>
          <GraphicApplication Value="True"/>
        </Win32>
      </Options>
    </Linking>
    <Other>
      <CompilerMessages>
        <UseMsgFile Value="True"/>
      </CompilerMessages>
      <CompilerPath Value="$(CompPath)"/>
    </Other>
  </CompilerOptions>
  <Debugging>
    <Exceptions Count="3">
      <Item1>
        <Name Value="EAbort"/>
      </Item1>
      <Item2>
        <Name Value="ECodetoolError"/>
      </Item2>
      <Item3>
        <Name Value="EFOpenError"/>
      </Item3>
    </Exceptions>
  </Debugging>
</CONFIG>
